
Microsoft Visual Studio Solution File, Format Version 12.00
# Visual Studio Version 16
VisualStudioVersion = 16.0.29613.14
MinimumVisualStudioVersion = 10.0.40219.1
Project("{9A19103F-16F7-4668-BE54-9A1E7A4F7556}") = "Verivox.TariffComparison.Api", "Verivox.TariffComparison\Verivox.TariffComparison.Api.csproj", "{6C2B7D63-9F39-4E59-8A41-35C6F5BF9717}"
EndProject
Project("{9A19103F-16F7-4668-BE54-9A1E7A4F7556}") = "Verivox.TariffComparison.Core", "Verivox.TariffComparison.Core\Verivox.TariffComparison.Core.csproj", "{5961D847-8E76-4035-B589-BD0822CC8A14}"
EndProject
Project("{9A19103F-16F7-4668-BE54-9A1E7A4F7556}") = "Verivox.TariffComparison.Test", "VerivoxTariffComparison.Test\Verivox.TariffComparison.Test.csproj", "{6FD76180-071F-4264-90B5-6BE4FEEF4735}"
EndProject
Global
	GlobalSection(SolutionConfigurationPlatforms) = preSolution
		Debug|Any CPU = Debug|Any CPU
		Release|Any CPU = Release|Any CPU
	EndGlobalSection
	GlobalSection(ProjectConfigurationPlatforms) = postSolution
		{6C2B7D63-9F39-4E59-8A41-35C6F5BF9717}.Debug|Any CPU.ActiveCfg = Debug|Any CPU
		{6C2B7D63-9F39-4E59-8A41-35C6F5BF9717}.Debug|Any CPU.Build.0 = Debug|Any CPU
		{6C2B7D63-9F39-4E59-8A41-35C6F5BF9717}.Release|Any CPU.ActiveCfg = Release|Any CPU
		{6C2B7D63-9F39-4E59-8A41-35C6F5BF9717}.Release|Any CPU.Build.0 = Release|Any CPU
		{5961D847-8E76-4035-B589-BD0822CC8A14}.Debug|Any CPU.ActiveCfg = Debug|Any CPU
		{5961D847-8E76-4035-B589-BD0822CC8A14}.Debug|Any CPU.Build.0 = Debug|Any CPU
		{5961D847-8E76-4035-B589-BD0822CC8A14}.Release|Any CPU.ActiveCfg = Release|Any CPU
		{5961D847-8E76-4035-B589-BD0822CC8A14}.Release|Any CPU.Build.0 = Release|Any CPU
		{6FD76180-071F-4264-90B5-6BE4FEEF4735}.Debug|Any CPU.ActiveCfg = Debug|Any CPU
		{6FD76180-071F-4264-90B5-6BE4FEEF4735}.Debug|Any CPU.Build.0 = Debug|Any CPU
		{6FD76180-071F-4264-90B5-6BE4FEEF4735}.Release|Any CPU.ActiveCfg = Release|Any CPU
		{6FD76180-071F-4264-90B5-6BE4FEEF4735}.Release|Any CPU.Build.0 = Release|Any CPU
	EndGlobalSection
	GlobalSection(SolutionProperties) = preSolution
		HideSolutionNode = FALSE
	EndGlobalSection
	GlobalSection(ExtensibilityGlobals) = postSolution
		SolutionGuid = {02802C60-4209-4676-920F-5571A17B6CE9}
	EndGlobalSection
EndGlobal
